
Microsoft Visual Studio Solution File, Format Version 12.00
# Visual Studio 15
Project("{FAE04EC0-301F-11D3-BF4B-00C04F79EFBC}") = "Assembly-CSharp", "Assembly-CSharp.csproj", "{CCEC0CB3-B3B5-E774-5E28-8908A309F56B}"
EndProject
Project("{FAE04EC0-301F-11D3-BF4B-00C04F79EFBC}") = "Assembly-CSharp-firstpass", "Assembly-CSharp-firstpass.csproj", "{D635FB80-E438-B8BC-911C-E42D6DD7FBC4}"
EndProject
Project("{FAE04EC0-301F-11D3-BF4B-00C04F79EFBC}") = "Assembly-CSharp-Editor-firstpass", "Assembly-CSharp-Editor-firstpass.csproj", "{FA634581-CD42-FD1B-39F2-94DED92CF0E8}"
EndProject
Project("{FAE04EC0-301F-11D3-BF4B-00C04F79EFBC}") = "Assembly-CSharp-Editor", "Assembly-CSharp-Editor.csproj", "{FB7946DD-7CDE-F31A-B40F-C14CAC2DA544}"
EndProject
Project("{2150E333-8FDC-42A3-9474-1A3956D46DE8}") = "Build", "Build", "{6578B7BD-81B4-42BB-8497-52B742E8F987}"
	ProjectSection(SolutionItems) = preProject
		.github\workflows\activation.yml = .github\workflows\activation.yml
		.github\workflows\main.yml = .github\workflows\main.yml
	EndProjectSection
EndProject
Global
	GlobalSection(SolutionConfigurationPlatforms) = preSolution
		Debug|Any CPU = Debug|Any CPU
		Release|Any CPU = Release|Any CPU
	EndGlobalSection
	GlobalSection(ProjectConfigurationPlatforms) = postSolution
		{CCEC0CB3-B3B5-E774-5E28-8908A309F56B}.Debug|Any CPU.ActiveCfg = Debug|Any CPU
		{CCEC0CB3-B3B5-E774-5E28-8908A309F56B}.Debug|Any CPU.Build.0 = Debug|Any CPU
		{CCEC0CB3-B3B5-E774-5E28-8908A309F56B}.Release|Any CPU.ActiveCfg = Release|Any CPU
		{CCEC0CB3-B3B5-E774-5E28-8908A309F56B}.Release|Any CPU.Build.0 = Release|Any CPU
		{D635FB80-E438-B8BC-911C-E42D6DD7FBC4}.Debug|Any CPU.ActiveCfg = Debug|Any CPU
		{D635FB80-E438-B8BC-911C-E42D6DD7FBC4}.Debug|Any CPU.Build.0 = Debug|Any CPU
		{D635FB80-E438-B8BC-911C-E42D6DD7FBC4}.Release|Any CPU.ActiveCfg = Release|Any CPU
		{D635FB80-E438-B8BC-911C-E42D6DD7FBC4}.Release|Any CPU.Build.0 = Release|Any CPU
		{FA634581-CD42-FD1B-39F2-94DED92CF0E8}.Debug|Any CPU.ActiveCfg = Debug|Any CPU
		{FA634581-CD42-FD1B-39F2-94DED92CF0E8}.Debug|Any CPU.Build.0 = Debug|Any CPU
		{FA634581-CD42-FD1B-39F2-94DED92CF0E8}.Release|Any CPU.ActiveCfg = Release|Any CPU
		{FA634581-CD42-FD1B-39F2-94DED92CF0E8}.Release|Any CPU.Build.0 = Release|Any CPU
		{FB7946DD-7CDE-F31A-B40F-C14CAC2DA544}.Debug|Any CPU.ActiveCfg = Debug|Any CPU
		{FB7946DD-7CDE-F31A-B40F-C14CAC2DA544}.Debug|Any CPU.Build.0 = Debug|Any CPU
		{FB7946DD-7CDE-F31A-B40F-C14CAC2DA544}.Release|Any CPU.ActiveCfg = Release|Any CPU
		{FB7946DD-7CDE-F31A-B40F-C14CAC2DA544}.Release|Any CPU.Build.0 = Release|Any CPU
	EndGlobalSection
	GlobalSection(SolutionProperties) = preSolution
		HideSolutionNode = FALSE
	EndGlobalSection
EndGlobal
